<?xml version="1.0" encoding="utf-8"?>
<Project ToolsVersion="4.0" xmlns="http://schemas.microsoft.com/developer/msbuild/2003">
  <ItemGroup>
    <Filter Include="Default">
      <UniqueIdentifier>{72b9f3aa-d15c-4b6c-a792-8a4b5775f916}</UniqueIdentifier>
    </Filter>
    <Filter Include="Scripts">
      <UniqueIdentifier>{5b2d854f-5641-4365-b07a-a93e84a01ea6}</UniqueIdentifier>
    </Filter>
    <Filter Include="Manager">
      <UniqueIdentifier>{4f377921-a526-46d8-9aad-2690ef026be8}</UniqueIdentifier>
    </Filter>
    <Filter Include="Scripts\PlayerScript">
      <UniqueIdentifier>{48304f43-ef73-4569-b2b1-e526439abd54}</UniqueIdentifier>
    </Filter>
    <Filter Include="Scripts\PlayerScript\PlayerMoveScript">
      <UniqueIdentifier>{57cb2e6a-940f-47ba-bbfe-ab012bf646a6}</UniqueIdentifier>
    </Filter>
    <Filter Include="Scripts\PlayerScript\PlayerEntityScript">
      <UniqueIdentifier>{411b4e33-e519-480d-bd2b-d45403f5be65}</UniqueIdentifier>
    </Filter>
    <Filter Include="Scripts\PlayerScript\PlayerJumpScript">
      <UniqueIdentifier>{b3e00048-f6a0-4781-9982-bb20337f4b7d}</UniqueIdentifier>
    </Filter>
    <Filter Include="Scripts\CameraScript">
      <UniqueIdentifier>{1f6c615f-356c-4360-a290-9feebae13b69}</UniqueIdentifier>
    </Filter>
  </ItemGroup>
  <ItemGroup>
    <ClInclude Include="framework.h">
      <Filter>Default</Filter>
    </ClInclude>
    <ClInclude Include="pch.h">
      <Filter>Default</Filter>
    </ClInclude>
    <ClInclude Include="CMissileScript.h">
      <Filter>Scripts</Filter>
    </ClInclude>
    <ClInclude Include="CScriptMgr.h">
      <Filter>Manager</Filter>
    </ClInclude>
    <ClInclude Include="CPlatformScript.h">
      <Filter>Scripts</Filter>
    </ClInclude>
    <ClInclude Include="CPlayerScript.h">
      <Filter>Scripts\PlayerScript\PlayerEntityScript</Filter>
    </ClInclude>
    <ClInclude Include="CPlayerMoveScript.h">
      <Filter>Scripts\PlayerScript\PlayerMoveScript</Filter>
    </ClInclude>
    <ClInclude Include="CPlayerJumpScript.h">
      <Filter>Scripts\PlayerScript\PlayerJumpScript</Filter>
    </ClInclude>
    <ClInclude Include="CCameraMoveScript.h">
      <Filter>Scripts\CameraScript</Filter>
    </ClInclude>
  </ItemGroup>
  <ItemGroup>
    <ClCompile Include="pch.cpp">
      <Filter>Default</Filter>
    </ClCompile>
    <ClCompile Include="Scripts.cpp">
      <Filter>Default</Filter>
    </ClCompile>
    <ClCompile Include="CMissileScript.cpp">
      <Filter>Scripts</Filter>
    </ClCompile>
    <ClCompile Include="CScriptMgr.cpp">
      <Filter>Manager</Filter>
    </ClCompile>
    <ClCompile Include="CPlatformScript.cpp">
      <Filter>Scripts</Filter>
    </ClCompile>
    <ClCompile Include="CPlayerScript.cpp">
      <Filter>Scripts\PlayerScript\PlayerEntityScript</Filter>
    </ClCompile>
    <ClCompile Include="CPlayerMoveScript.cpp">
      <Filter>Scripts\PlayerScript\PlayerMoveScript</Filter>
    </ClCompile>
    <ClCompile Include="CPlayerJumpScript.cpp">
      <Filter>Scripts\PlayerScript\PlayerJumpScript</Filter>
    </ClCompile>
    <ClCompile Include="CCameraMoveScript.cpp">
      <Filter>Scripts\CameraScript</Filter>
    </ClCompile>
  </ItemGroup>
</Project>