<?xml version="1.0" encoding="utf-8"?>
<Project ToolsVersion="4.0" xmlns="http://schemas.microsoft.com/developer/msbuild/2003">
  <ItemGroup>
    <Filter Include="Default">
      <UniqueIdentifier>{72b9f3aa-d15c-4b6c-a792-8a4b5775f916}</UniqueIdentifier>
    </Filter>
    <Filter Include="Scripts">
      <UniqueIdentifier>{5b2d854f-5641-4365-b07a-a93e84a01ea6}</UniqueIdentifier>
    </Filter>
    <Filter Include="Manager">
      <UniqueIdentifier>{4f377921-a526-46d8-9aad-2690ef026be8}</UniqueIdentifier>
    </Filter>
    <Filter Include="Scripts\01. PlayerScript">
      <UniqueIdentifier>{48304f43-ef73-4569-b2b1-e526439abd54}</UniqueIdentifier>
    </Filter>
    <Filter Include="Scripts\02. PlayerSkillScript">
      <UniqueIdentifier>{4a9e02b0-a7df-438a-9042-520c52521009}</UniqueIdentifier>
    </Filter>
    <Filter Include="Scripts\02. PlayerSkillScript\01. Buff">
      <UniqueIdentifier>{7744850e-eee2-4dbc-a3a0-83f2fdeb645b}</UniqueIdentifier>
    </Filter>
    <Filter Include="Scripts\02. PlayerSkillScript\02. RandomShoot">
      <UniqueIdentifier>{8cbaf040-4baf-4781-b85b-6aa27e31e90f}</UniqueIdentifier>
    </Filter>
    <Filter Include="Scripts\03. PlayerEffectScript">
      <UniqueIdentifier>{eb41b7cb-402b-42b0-ab5d-e03799e14c01}</UniqueIdentifier>
    </Filter>
    <Filter Include="Scripts\04. PlatformScript">
      <UniqueIdentifier>{ecc53cfb-0c0c-4f0c-a591-674601e4651f}</UniqueIdentifier>
    </Filter>
    <Filter Include="Scripts\00. CameraScript">
      <UniqueIdentifier>{1f6c615f-356c-4360-a290-9feebae13b69}</UniqueIdentifier>
    </Filter>
    <Filter Include="Scripts\02. PlayerSkillScript\03. Pistol">
      <UniqueIdentifier>{6087766c-003e-41af-8271-7b91ffc20793}</UniqueIdentifier>
    </Filter>
    <Filter Include="Scripts\03. PlayerEffectScript\02. RevolverHammerScript">
      <UniqueIdentifier>{398a200a-1848-4862-b253-f4ca96844cd9}</UniqueIdentifier>
    </Filter>
    <Filter Include="Scripts\03. PlayerEffectScript\01. RevolverMuzzleScript">
      <UniqueIdentifier>{a072db7e-9eaa-4568-8775-fb8fee40ed71}</UniqueIdentifier>
    </Filter>
    <Filter Include="Scripts\03. PlayerEffectScript\03. HeadShotEffect">
      <UniqueIdentifier>{0f81d8df-95e5-41eb-8ca1-415428a41fc1}</UniqueIdentifier>
    </Filter>
    <Filter Include="Scripts\02. PlayerSkillScript\04. WindMill">
      <UniqueIdentifier>{da887d9b-8b6a-4819-b396-ce8c164e6605}</UniqueIdentifier>
    </Filter>
    <Filter Include="Scripts\02. PlayerSkillScript\05. MachKick">
      <UniqueIdentifier>{343e29c4-320d-4039-bff1-84acb9e4c99a}</UniqueIdentifier>
    </Filter>
    <Filter Include="Scripts\02. PlayerSkillScript\06. DoubleGunHawk">
      <UniqueIdentifier>{cb866253-fc03-4c60-98cd-2fc8fd532e83}</UniqueIdentifier>
    </Filter>
    <Filter Include="Scripts\02. PlayerSkillScript\07. HeadShot">
      <UniqueIdentifier>{299c45ab-54f6-4728-955a-5d8d94cec322}</UniqueIdentifier>
    </Filter>
    <Filter Include="Scripts\02. PlayerSkillScript\08. RisingShot">
      <UniqueIdentifier>{ec784029-79b8-4adf-b344-bcb197c628db}</UniqueIdentifier>
    </Filter>
    <Filter Include="Scripts\02. PlayerSkillScript\09. JackSpike">
      <UniqueIdentifier>{0c3f07f4-0a88-4a97-9141-e61b13db457c}</UniqueIdentifier>
    </Filter>
    <Filter Include="Scripts\02. PlayerSkillScript\07. HeadShot\01. Normal">
      <UniqueIdentifier>{6290317b-6ebf-4b79-bf2a-8ef37b94a5f3}</UniqueIdentifier>
    </Filter>
    <Filter Include="Scripts\02. PlayerSkillScript\07. HeadShot\02. Diagonal">
      <UniqueIdentifier>{edda1265-8009-4583-b213-d0c1c0d4521d}</UniqueIdentifier>
    </Filter>
    <Filter Include="Scripts\02. PlayerSkillScript\08. RisingShot\01. Normal">
      <UniqueIdentifier>{96c8b010-9471-4a29-ae83-b3a1c1e09f37}</UniqueIdentifier>
    </Filter>
    <Filter Include="Scripts\02. PlayerSkillScript\08. RisingShot\02. Diagonal">
      <UniqueIdentifier>{69404d0f-fdd3-4830-97b4-24c05922d253}</UniqueIdentifier>
    </Filter>
    <Filter Include="Scripts\03. PlayerEffectScript\04. GunHawkExplode">
      <UniqueIdentifier>{970e8af2-4045-4cc7-9524-fbb24a848c90}</UniqueIdentifier>
    </Filter>
    <Filter Include="Scripts\02. PlayerSkillScript\03. Pistol\01. Normal">
      <UniqueIdentifier>{ad28ae7d-5dcc-486a-916b-59eb4c79ecf7}</UniqueIdentifier>
    </Filter>
    <Filter Include="Scripts\02. PlayerSkillScript\03. Pistol\02. Diagonal">
      <UniqueIdentifier>{d004ebd1-3f01-40e7-b2b9-817aa0c62a8a}</UniqueIdentifier>
    </Filter>
    <Filter Include="Scripts\05. NPCScript">
      <UniqueIdentifier>{2eac85f5-e8a0-4269-bc3a-b93f70e99eec}</UniqueIdentifier>
    </Filter>
    <Filter Include="Scripts\05. NPCScript\01. Seria">
      <UniqueIdentifier>{95e264fa-989a-4126-9ec0-5f672cbb66a4}</UniqueIdentifier>
    </Filter>
    <Filter Include="Scripts\06. GateScript">
      <UniqueIdentifier>{166948f6-871d-450d-8302-52b3a6987ee2}</UniqueIdentifier>
    </Filter>
    <Filter Include="Scripts\06. GateScript\01. SeriaRoomGate">
      <UniqueIdentifier>{447b6b60-5e50-424c-a2a4-8019c24c70a6}</UniqueIdentifier>
    </Filter>
    <Filter Include="Scripts\07. MonsterScript">
      <UniqueIdentifier>{dbad4e44-9b58-4d4d-8475-d9a41d51e867}</UniqueIdentifier>
    </Filter>
    <Filter Include="Scripts\07. MonsterScript\01. MeltKnight">
      <UniqueIdentifier>{09582a77-4129-4ae5-8251-96ad029a520d}</UniqueIdentifier>
    </Filter>
    <Filter Include="Scripts\07. MonsterScript\00. Move">
      <UniqueIdentifier>{ecad5b4d-8259-49bc-a1d1-e11154f8cf4e}</UniqueIdentifier>
    </Filter>
    <Filter Include="Scripts\01. PlayerScript\01. PlayerScript">
      <UniqueIdentifier>{411b4e33-e519-480d-bd2b-d45403f5be65}</UniqueIdentifier>
    </Filter>
    <Filter Include="Scripts\01. PlayerScript\02. PlayerMoveScript">
      <UniqueIdentifier>{57cb2e6a-940f-47ba-bbfe-ab012bf646a6}</UniqueIdentifier>
    </Filter>
    <Filter Include="Scripts\08. DummyScript">
      <UniqueIdentifier>{6645b588-5969-4148-88ec-5bd7096b4b06}</UniqueIdentifier>
    </Filter>
    <Filter Include="Scripts\09. ParticleScript">
      <UniqueIdentifier>{42ab8cec-ec06-414f-94ce-5c0240819079}</UniqueIdentifier>
    </Filter>
  </ItemGroup>
  <ItemGroup>
    <ClInclude Include="framework.h">
      <Filter>Default</Filter>
    </ClInclude>
    <ClInclude Include="pch.h">
      <Filter>Default</Filter>
    </ClInclude>
    <ClInclude Include="CScriptMgr.h">
      <Filter>Manager</Filter>
    </ClInclude>
    <ClInclude Include="CPlayerScript.h">
      <Filter>Scripts\01. PlayerScript\01. PlayerScript</Filter>
    </ClInclude>
    <ClInclude Include="CPlayerMoveScript.h">
      <Filter>Scripts\01. PlayerScript\02. PlayerMoveScript</Filter>
    </ClInclude>
    <ClInclude Include="CCameraMoveScript.h">
      <Filter>Scripts\00. CameraScript</Filter>
    </ClInclude>
    <ClInclude Include="CBuffScript.h">
      <Filter>Scripts\02. PlayerSkillScript\01. Buff</Filter>
    </ClInclude>
    <ClInclude Include="CRandomShootScript.h">
      <Filter>Scripts\02. PlayerSkillScript\02. RandomShoot</Filter>
    </ClInclude>
    <ClInclude Include="CPlatformScript.h">
      <Filter>Scripts\04. PlatformScript</Filter>
    </ClInclude>
    <ClInclude Include="CMuzzleScript.h">
      <Filter>Scripts\03. PlayerEffectScript\01. RevolverMuzzleScript</Filter>
    </ClInclude>
    <ClInclude Include="CHammerScript.h">
      <Filter>Scripts\03. PlayerEffectScript\02. RevolverHammerScript</Filter>
    </ClInclude>
    <ClInclude Include="CHeadShotEffectScript.h">
      <Filter>Scripts\03. PlayerEffectScript\03. HeadShotEffect</Filter>
    </ClInclude>
    <ClInclude Include="CWindmillScript.h">
      <Filter>Scripts\02. PlayerSkillScript\04. WindMill</Filter>
    </ClInclude>
    <ClInclude Include="CHeadShotScript.h">
      <Filter>Scripts\02. PlayerSkillScript\07. HeadShot\01. Normal</Filter>
    </ClInclude>
    <ClInclude Include="CDoubleGunHawkScript.h">
      <Filter>Scripts\02. PlayerSkillScript\06. DoubleGunHawk</Filter>
    </ClInclude>
    <ClInclude Include="CMachKickScript.h">
      <Filter>Scripts\02. PlayerSkillScript\05. MachKick</Filter>
    </ClInclude>
    <ClInclude Include="CJackSpikeScript.h">
      <Filter>Scripts\02. PlayerSkillScript\09. JackSpike</Filter>
    </ClInclude>
    <ClInclude Include="CRisingShotScript.h">
      <Filter>Scripts\02. PlayerSkillScript\08. RisingShot\01. Normal</Filter>
    </ClInclude>
    <ClInclude Include="CGunHawkExplodeScript.h">
      <Filter>Scripts\03. PlayerEffectScript\04. GunHawkExplode</Filter>
    </ClInclude>
    <ClInclude Include="CPistolScript.h">
      <Filter>Scripts\02. PlayerSkillScript\03. Pistol\01. Normal</Filter>
    </ClInclude>
    <ClInclude Include="CDiagonalPistolScript.h">
      <Filter>Scripts\02. PlayerSkillScript\03. Pistol\02. Diagonal</Filter>
    </ClInclude>
    <ClInclude Include="CSeriaScript.h">
      <Filter>Scripts\05. NPCScript\01. Seria</Filter>
    </ClInclude>
    <ClInclude Include="CDiagonalHeadShotScript.h">
      <Filter>Scripts\02. PlayerSkillScript\07. HeadShot\02. Diagonal</Filter>
    </ClInclude>
    <ClInclude Include="CSeriaRoomGateScript.h">
      <Filter>Scripts\06. GateScript\01. SeriaRoomGate</Filter>
    </ClInclude>
    <ClInclude Include="CMeltKnightScript.h">
      <Filter>Scripts\07. MonsterScript\01. MeltKnight</Filter>
    </ClInclude>
    <ClInclude Include="CMonsterMoveScript.h">
      <Filter>Scripts\07. MonsterScript\00. Move</Filter>
    </ClInclude>
    <ClInclude Include="CDummyScript.h">
      <Filter>Scripts\08. DummyScript</Filter>
    </ClInclude>
    <ClInclude Include="CParticleScript.h">
      <Filter>Scripts\09. ParticleScript</Filter>
    </ClInclude>
  </ItemGroup>
  <ItemGroup>
    <ClCompile Include="pch.cpp">
      <Filter>Default</Filter>
    </ClCompile>
    <ClCompile Include="Scripts.cpp">
      <Filter>Default</Filter>
    </ClCompile>
    <ClCompile Include="CScriptMgr.cpp">
      <Filter>Manager</Filter>
    </ClCompile>
    <ClCompile Include="CPlayerScript.cpp">
      <Filter>Scripts\01. PlayerScript\01. PlayerScript</Filter>
    </ClCompile>
    <ClCompile Include="CPlayerMoveScript.cpp">
      <Filter>Scripts\01. PlayerScript\02. PlayerMoveScript</Filter>
    </ClCompile>
    <ClCompile Include="CCameraMoveScript.cpp">
      <Filter>Scripts\00. CameraScript</Filter>
    </ClCompile>
    <ClCompile Include="CBuffScript.cpp">
      <Filter>Scripts\02. PlayerSkillScript\01. Buff</Filter>
    </ClCompile>
    <ClCompile Include="CRandomShootScript.cpp">
      <Filter>Scripts\02. PlayerSkillScript\02. RandomShoot</Filter>
    </ClCompile>
    <ClCompile Include="CPlatformScript.cpp">
      <Filter>Scripts\04. PlatformScript</Filter>
    </ClCompile>
    <ClCompile Include="CMuzzleScript.cpp">
      <Filter>Scripts\03. PlayerEffectScript\01. RevolverMuzzleScript</Filter>
    </ClCompile>
    <ClCompile Include="CHammerScript.cpp">
      <Filter>Scripts\03. PlayerEffectScript\02. RevolverHammerScript</Filter>
    </ClCompile>
    <ClCompile Include="CHeadShotEffectScript.cpp">
      <Filter>Scripts\03. PlayerEffectScript\03. HeadShotEffect</Filter>
    </ClCompile>
    <ClCompile Include="CWindmillScript.cpp">
      <Filter>Scripts\02. PlayerSkillScript\04. WindMill</Filter>
    </ClCompile>
    <ClCompile Include="CHeadShotScript.cpp">
      <Filter>Scripts\02. PlayerSkillScript\07. HeadShot\01. Normal</Filter>
    </ClCompile>
    <ClCompile Include="CDoubleGunHawkScript.cpp">
      <Filter>Scripts\02. PlayerSkillScript\06. DoubleGunHawk</Filter>
    </ClCompile>
    <ClCompile Include="CMachKickScript.cpp">
      <Filter>Scripts\02. PlayerSkillScript\05. MachKick</Filter>
    </ClCompile>
    <ClCompile Include="CJackSpikeScript.cpp">
      <Filter>Scripts\02. PlayerSkillScript\09. JackSpike</Filter>
    </ClCompile>
    <ClCompile Include="CRisingShotScript.cpp">
      <Filter>Scripts\02. PlayerSkillScript\08. RisingShot\01. Normal</Filter>
    </ClCompile>
    <ClCompile Include="CGunHawkExplodeScript.cpp">
      <Filter>Scripts\03. PlayerEffectScript\04. GunHawkExplode</Filter>
    </ClCompile>
    <ClCompile Include="CPistolScript.cpp">
      <Filter>Scripts\02. PlayerSkillScript\03. Pistol\01. Normal</Filter>
    </ClCompile>
    <ClCompile Include="CDiagonalPistolScript.cpp">
      <Filter>Scripts\02. PlayerSkillScript\03. Pistol\02. Diagonal</Filter>
    </ClCompile>
    <ClCompile Include="CSeriaScript.cpp">
      <Filter>Scripts\05. NPCScript\01. Seria</Filter>
    </ClCompile>
    <ClCompile Include="CDiagonalHeadShotScript.cpp">
      <Filter>Scripts\02. PlayerSkillScript\07. HeadShot\02. Diagonal</Filter>
    </ClCompile>
    <ClCompile Include="CSeriaRoomGateScript.cpp">
      <Filter>Scripts\06. GateScript\01. SeriaRoomGate</Filter>
    </ClCompile>
    <ClCompile Include="CMeltKnightScript.cpp">
      <Filter>Scripts\07. MonsterScript\01. MeltKnight</Filter>
    </ClCompile>
    <ClCompile Include="CMonsterMoveScript.cpp">
      <Filter>Scripts\07. MonsterScript\00. Move</Filter>
    </ClCompile>
    <ClCompile Include="CDummyScript.cpp">
      <Filter>Scripts\08. DummyScript</Filter>
    </ClCompile>
    <ClCompile Include="CParticleScript.cpp">
      <Filter>Scripts\09. ParticleScript</Filter>
    </ClCompile>
  </ItemGroup>
</Project>