<?xml version="1.0" encoding="utf-8"?>
<Project ToolsVersion="4.0" xmlns="http://schemas.microsoft.com/developer/msbuild/2003">
  <ItemGroup>
    <Filter Include="01. Manager">
      <UniqueIdentifier>{cc8caefa-188b-456b-b265-dc51c5508034}</UniqueIdentifier>
    </Filter>
    <Filter Include="01. Manager\ImGui">
      <UniqueIdentifier>{f5c862e2-05bf-442d-9ad5-5e6e0eda1514}</UniqueIdentifier>
    </Filter>
    <Filter Include="03. GameObjectEx">
      <UniqueIdentifier>{15d243fd-5418-4cbe-86e4-bb6e8526f04f}</UniqueIdentifier>
    </Filter>
    <Filter Include="00. Default">
      <UniqueIdentifier>{93b1f973-fefb-455a-a379-957cf044016c}</UniqueIdentifier>
    </Filter>
    <Filter Include="02. EditorUI">
      <UniqueIdentifier>{b7015d08-752a-4ec6-ae91-49746e4da0af}</UniqueIdentifier>
    </Filter>
    <Filter Include="02. EditorUI\01. Inspector">
      <UniqueIdentifier>{6b1dbe9b-75f9-4805-b799-930aecd9ce50}</UniqueIdentifier>
    </Filter>
    <Filter Include="02. EditorUI\02. Content">
      <UniqueIdentifier>{a2f88154-defc-440b-b2c9-27ea05294f4a}</UniqueIdentifier>
    </Filter>
    <Filter Include="02. EditorUI\03. Outliner">
      <UniqueIdentifier>{19c223bd-5886-44ed-838d-d7f075c70675}</UniqueIdentifier>
    </Filter>
    <Filter Include="02. EditorUI\01. Inspector\ComponentUI">
      <UniqueIdentifier>{2ab495c2-9b80-46ca-b726-f5ae270c673f}</UniqueIdentifier>
    </Filter>
    <Filter Include="02. EditorUI\01. Inspector\ComponentUI\01. TransformUI">
      <UniqueIdentifier>{746122bc-c58f-4c2d-b359-adf067039815}</UniqueIdentifier>
    </Filter>
    <Filter Include="02. EditorUI\01. Inspector\ComponentUI\02. Collider2DUI">
      <UniqueIdentifier>{c16be69e-b34b-4550-8409-cd0d60361dcf}</UniqueIdentifier>
    </Filter>
    <Filter Include="02. EditorUI\01. Inspector\ComponentUI\04. FlipBookUI">
      <UniqueIdentifier>{3119d065-e0e7-469a-8894-15e03d2003f3}</UniqueIdentifier>
    </Filter>
    <Filter Include="02. EditorUI\01. Inspector\ComponentUI\05. MeshRenderUI">
      <UniqueIdentifier>{a85e7c3d-6130-4a4a-8338-9df5c46f108e}</UniqueIdentifier>
    </Filter>
    <Filter Include="02. EditorUI\01. Inspector\ComponentUI\06. TileMapUI">
      <UniqueIdentifier>{90266a38-bfbb-4715-aa67-4e422b8c5b7c}</UniqueIdentifier>
    </Filter>
    <Filter Include="02. EditorUI\01. Inspector\ComponentUI\03. CameraUI">
      <UniqueIdentifier>{c0af3a5a-db75-459c-88c6-2734baaab597}</UniqueIdentifier>
    </Filter>
    <Filter Include="03. GameObjectEx\Scripts">
      <UniqueIdentifier>{d6043d15-b2a6-4e9f-8321-638fa3a7973b}</UniqueIdentifier>
    </Filter>
    <Filter Include="02. EditorUI\01. Inspector\ComponentUI\07. ParticleSystemUI">
      <UniqueIdentifier>{59058752-9022-46fe-a6f5-0dd5a944ae80}</UniqueIdentifier>
    </Filter>
    <Filter Include="02. EditorUI\04. ListUI">
      <UniqueIdentifier>{e9975692-551b-4f54-9fb8-ddbbe6db84d5}</UniqueIdentifier>
    </Filter>
    <Filter Include="02. EditorUI\01. Inspector\ComponentUI\08. Light2DUI">
      <UniqueIdentifier>{8843ba22-6c9b-4c31-99f1-793809c4e5de}</UniqueIdentifier>
    </Filter>
    <Filter Include="02. EditorUI\05. TreeUI">
      <UniqueIdentifier>{be04d7cb-b82c-4694-80eb-2bfb2fc78fd6}</UniqueIdentifier>
    </Filter>
    <Filter Include="02. EditorUI\01. Inspector\AssetUI">
      <UniqueIdentifier>{38195623-0ee9-493a-b881-f527887c29a3}</UniqueIdentifier>
    </Filter>
    <Filter Include="02. EditorUI\01. Inspector\AssetUI\01. Mesh">
      <UniqueIdentifier>{abf3bb68-fc57-4f76-8a01-150660f0cca9}</UniqueIdentifier>
    </Filter>
    <Filter Include="02. EditorUI\01. Inspector\AssetUI\02. MeshData">
      <UniqueIdentifier>{8555df42-a885-4705-8cc4-371b4055265f}</UniqueIdentifier>
    </Filter>
    <Filter Include="02. EditorUI\01. Inspector\AssetUI\03. Material">
      <UniqueIdentifier>{d38b53e8-9a85-400d-9663-7d7a6154e237}</UniqueIdentifier>
    </Filter>
    <Filter Include="02. EditorUI\01. Inspector\AssetUI\04. Prefab">
      <UniqueIdentifier>{28da4576-042e-49e8-b854-d7b7e3ea7391}</UniqueIdentifier>
    </Filter>
    <Filter Include="02. EditorUI\01. Inspector\AssetUI\05. Texture">
      <UniqueIdentifier>{3356dfbc-c796-4c60-aea7-05e4c4e1888f}</UniqueIdentifier>
    </Filter>
    <Filter Include="02. EditorUI\01. Inspector\AssetUI\06. Sprite">
      <UniqueIdentifier>{786eeafe-4d21-4187-8aa5-3bb1fa270548}</UniqueIdentifier>
    </Filter>
    <Filter Include="02. EditorUI\01. Inspector\AssetUI\07. FlipBook">
      <UniqueIdentifier>{85404e41-c984-4354-a8f6-07835d8bf1e8}</UniqueIdentifier>
    </Filter>
    <Filter Include="02. EditorUI\01. Inspector\AssetUI\08. Sound">
      <UniqueIdentifier>{05dff5d4-61a2-4759-9f5b-90951189948a}</UniqueIdentifier>
    </Filter>
    <Filter Include="02. EditorUI\01. Inspector\AssetUI\10. ComputeShader">
      <UniqueIdentifier>{a2cdcebb-dcd2-4052-8aca-e95f44bb1196}</UniqueIdentifier>
    </Filter>
    <Filter Include="02. EditorUI\01. Inspector\AssetUI\09. GraphicShader">
      <UniqueIdentifier>{a57bc6d5-554e-4b11-824f-ba60052e82bd}</UniqueIdentifier>
    </Filter>
    <Filter Include="02. EditorUI\06. MenuUI">
      <UniqueIdentifier>{6b78fce2-789c-4ce2-95b5-de01e463c1cb}</UniqueIdentifier>
    </Filter>
  </ItemGroup>
  <ItemGroup>
    <ClInclude Include="CEditorMgr.h">
      <Filter>01. Manager</Filter>
    </ClInclude>
    <ClInclude Include="CGameObjectEx.h">
      <Filter>03. GameObjectEx</Filter>
    </ClInclude>
    <ClInclude Include="CEditorCameraScript.h">
      <Filter>03. GameObjectEx\Scripts</Filter>
    </ClInclude>
    <ClInclude Include="ImGui\imgui_impl_dx11.h">
      <Filter>01. Manager\ImGui</Filter>
    </ClInclude>
    <ClInclude Include="ImGui\imgui_impl_win32.h">
      <Filter>01. Manager\ImGui</Filter>
    </ClInclude>
    <ClInclude Include="ImGui\imgui_internal.h">
      <Filter>01. Manager\ImGui</Filter>
    </ClInclude>
    <ClInclude Include="ImGui\imstb_rectpack.h">
      <Filter>01. Manager\ImGui</Filter>
    </ClInclude>
    <ClInclude Include="ImGui\imstb_textedit.h">
      <Filter>01. Manager\ImGui</Filter>
    </ClInclude>
    <ClInclude Include="ImGui\imstb_truetype.h">
      <Filter>01. Manager\ImGui</Filter>
    </ClInclude>
    <ClInclude Include="ImGui\imconfig.h">
      <Filter>01. Manager\ImGui</Filter>
    </ClInclude>
    <ClInclude Include="ImGui\imgui.h">
      <Filter>01. Manager\ImGui</Filter>
    </ClInclude>
    <ClInclude Include="main.h">
      <Filter>00. Default</Filter>
    </ClInclude>
    <ClInclude Include="framework.h">
      <Filter>00. Default</Filter>
    </ClInclude>
    <ClInclude Include="pch.h">
      <Filter>00. Default</Filter>
    </ClInclude>
    <ClInclude Include="Resource.h">
      <Filter>00. Default</Filter>
    </ClInclude>
    <ClInclude Include="targetver.h">
      <Filter>00. Default</Filter>
    </ClInclude>
    <ClInclude Include="EditorUI.h">
      <Filter>02. EditorUI</Filter>
    </ClInclude>
    <ClInclude Include="Inspector.h">
      <Filter>02. EditorUI\01. Inspector</Filter>
    </ClInclude>
    <ClInclude Include="Content.h">
      <Filter>02. EditorUI\02. Content</Filter>
    </ClInclude>
    <ClInclude Include="ComponentUI.h">
      <Filter>02. EditorUI\01. Inspector\ComponentUI</Filter>
    </ClInclude>
    <ClInclude Include="TransformUI.h">
      <Filter>02. EditorUI\01. Inspector\ComponentUI\01. TransformUI</Filter>
    </ClInclude>
    <ClInclude Include="Collider2DUI.h">
      <Filter>02. EditorUI\01. Inspector\ComponentUI\02. Collider2DUI</Filter>
    </ClInclude>
    <ClInclude Include="Outliner.h">
      <Filter>02. EditorUI\03. Outliner</Filter>
    </ClInclude>
    <ClInclude Include="CameraUI.h">
      <Filter>02. EditorUI\01. Inspector\ComponentUI\03. CameraUI</Filter>
    </ClInclude>
    <ClInclude Include="FlipBookComUI.h">
      <Filter>02. EditorUI\01. Inspector\ComponentUI\04. FlipBookUI</Filter>
    </ClInclude>
    <ClInclude Include="MeshRenderUI.h">
      <Filter>02. EditorUI\01. Inspector\ComponentUI\05. MeshRenderUI</Filter>
    </ClInclude>
    <ClInclude Include="TileMapUI.h">
      <Filter>02. EditorUI\01. Inspector\ComponentUI\06. TileMapUI</Filter>
    </ClInclude>
    <ClInclude Include="ParticleSystemUI.h">
      <Filter>02. EditorUI\01. Inspector\ComponentUI\07. ParticleSystemUI</Filter>
    </ClInclude>
    <ClInclude Include="ListUI.h">
      <Filter>02. EditorUI\04. ListUI</Filter>
    </ClInclude>
    <ClInclude Include="Light2DUI.h">
      <Filter>02. EditorUI\01. Inspector\ComponentUI\08. Light2DUI</Filter>
    </ClInclude>
    <ClInclude Include="TreeUI.h">
      <Filter>02. EditorUI\05. TreeUI</Filter>
    </ClInclude>
    <ClInclude Include="MeshUI.h">
      <Filter>02. EditorUI\01. Inspector\AssetUI\01. Mesh</Filter>
    </ClInclude>
    <ClInclude Include="MeshDataUI.h">
      <Filter>02. EditorUI\01. Inspector\AssetUI\02. MeshData</Filter>
    </ClInclude>
    <ClInclude Include="MaterialUI.h">
      <Filter>02. EditorUI\01. Inspector\AssetUI\03. Material</Filter>
    </ClInclude>
    <ClInclude Include="PrefabUI.h">
      <Filter>02. EditorUI\01. Inspector\AssetUI\04. Prefab</Filter>
    </ClInclude>
    <ClInclude Include="AssetUI.h">
      <Filter>02. EditorUI\01. Inspector\AssetUI</Filter>
    </ClInclude>
    <ClInclude Include="TextureUI.h">
      <Filter>02. EditorUI\01. Inspector\AssetUI\05. Texture</Filter>
    </ClInclude>
    <ClInclude Include="SpriteUI.h">
      <Filter>02. EditorUI\01. Inspector\AssetUI\06. Sprite</Filter>
    </ClInclude>
    <ClInclude Include="FlipBookUI.h">
      <Filter>02. EditorUI\01. Inspector\AssetUI\07. FlipBook</Filter>
    </ClInclude>
    <ClInclude Include="SoundUI.h">
      <Filter>02. EditorUI\01. Inspector\AssetUI\08. Sound</Filter>
    </ClInclude>
    <ClInclude Include="GraphicShaderUI.h">
      <Filter>02. EditorUI\01. Inspector\AssetUI\09. GraphicShader</Filter>
    </ClInclude>
    <ClInclude Include="ComputeShaderUI.h">
      <Filter>02. EditorUI\01. Inspector\AssetUI\10. ComputeShader</Filter>
    </ClInclude>
    <ClInclude Include="MenuUI.h">
      <Filter>02. EditorUI\06. MenuUI</Filter>
    </ClInclude>
  </ItemGroup>
  <ItemGroup>
    <ClCompile Include="main.cpp" />
    <ClCompile Include="CEditorMgr.cpp">
      <Filter>01. Manager</Filter>
    </ClCompile>
    <ClCompile Include="CGameObjectEx.cpp">
      <Filter>03. GameObjectEx</Filter>
    </ClCompile>
    <ClCompile Include="CEditorCameraScript.cpp">
      <Filter>03. GameObjectEx\Scripts</Filter>
    </ClCompile>
    <ClCompile Include="ImGui\imgui_draw.cpp">
      <Filter>01. Manager\ImGui</Filter>
    </ClCompile>
    <ClCompile Include="ImGui\imgui_impl_dx11.cpp">
      <Filter>01. Manager\ImGui</Filter>
    </ClCompile>
    <ClCompile Include="ImGui\imgui_impl_win32.cpp">
      <Filter>01. Manager\ImGui</Filter>
    </ClCompile>
    <ClCompile Include="ImGui\imgui_tables.cpp">
      <Filter>01. Manager\ImGui</Filter>
    </ClCompile>
    <ClCompile Include="ImGui\imgui_widgets.cpp">
      <Filter>01. Manager\ImGui</Filter>
    </ClCompile>
    <ClCompile Include="ImGui\imgui.cpp">
      <Filter>01. Manager\ImGui</Filter>
    </ClCompile>
    <ClCompile Include="ImGui\imgui_demo.cpp">
      <Filter>01. Manager\ImGui</Filter>
    </ClCompile>
    <ClCompile Include="pch.cpp">
      <Filter>00. Default</Filter>
    </ClCompile>
    <ClCompile Include="EditorUI.cpp">
      <Filter>02. EditorUI</Filter>
    </ClCompile>
    <ClCompile Include="Inspector.cpp">
      <Filter>02. EditorUI\01. Inspector</Filter>
    </ClCompile>
    <ClCompile Include="Content.cpp">
      <Filter>02. EditorUI\02. Content</Filter>
    </ClCompile>
    <ClCompile Include="CEditorMgr_EditorUI.cpp">
      <Filter>01. Manager</Filter>
    </ClCompile>
    <ClCompile Include="CEditorMgr_EditorObject.cpp">
      <Filter>01. Manager</Filter>
    </ClCompile>
    <ClCompile Include="ComponentUI.cpp">
      <Filter>02. EditorUI\01. Inspector\ComponentUI</Filter>
    </ClCompile>
    <ClCompile Include="TransformUI.cpp">
      <Filter>02. EditorUI\01. Inspector\ComponentUI\01. TransformUI</Filter>
    </ClCompile>
    <ClCompile Include="Collider2DUI.cpp">
      <Filter>02. EditorUI\01. Inspector\ComponentUI\02. Collider2DUI</Filter>
    </ClCompile>
    <ClCompile Include="Outliner.cpp">
      <Filter>02. EditorUI\03. Outliner</Filter>
    </ClCompile>
    <ClCompile Include="CameraUI.cpp">
      <Filter>02. EditorUI\01. Inspector\ComponentUI\03. CameraUI</Filter>
    </ClCompile>
    <ClCompile Include="FlipBookComUI.cpp">
      <Filter>02. EditorUI\01. Inspector\ComponentUI\04. FlipBookUI</Filter>
    </ClCompile>
    <ClCompile Include="MeshRenderUI.cpp">
      <Filter>02. EditorUI\01. Inspector\ComponentUI\05. MeshRenderUI</Filter>
    </ClCompile>
    <ClCompile Include="TileMapUI.cpp">
      <Filter>02. EditorUI\01. Inspector\ComponentUI\06. TileMapUI</Filter>
    </ClCompile>
    <ClCompile Include="ParticleSystemUI.cpp">
      <Filter>02. EditorUI\01. Inspector\ComponentUI\07. ParticleSystemUI</Filter>
    </ClCompile>
    <ClCompile Include="ListUI.cpp">
      <Filter>02. EditorUI\04. ListUI</Filter>
    </ClCompile>
    <ClCompile Include="Light2DUI.cpp">
      <Filter>02. EditorUI\01. Inspector\ComponentUI\08. Light2DUI</Filter>
    </ClCompile>
    <ClCompile Include="TreeUI.cpp">
      <Filter>02. EditorUI\05. TreeUI</Filter>
    </ClCompile>
    <ClCompile Include="MeshUI.cpp">
      <Filter>02. EditorUI\01. Inspector\AssetUI\01. Mesh</Filter>
    </ClCompile>
    <ClCompile Include="MeshDataUI.cpp">
      <Filter>02. EditorUI\01. Inspector\AssetUI\02. MeshData</Filter>
    </ClCompile>
    <ClCompile Include="MaterialUI.cpp">
      <Filter>02. EditorUI\01. Inspector\AssetUI\03. Material</Filter>
    </ClCompile>
    <ClCompile Include="PrefabUI.cpp">
      <Filter>02. EditorUI\01. Inspector\AssetUI\04. Prefab</Filter>
    </ClCompile>
    <ClCompile Include="AssetUI.cpp">
      <Filter>02. EditorUI\01. Inspector\AssetUI</Filter>
    </ClCompile>
    <ClCompile Include="TextureUI.cpp">
      <Filter>02. EditorUI\01. Inspector\AssetUI\05. Texture</Filter>
    </ClCompile>
    <ClCompile Include="SpriteUI.cpp">
      <Filter>02. EditorUI\01. Inspector\AssetUI\06. Sprite</Filter>
    </ClCompile>
    <ClCompile Include="FlipBookUI.cpp">
      <Filter>02. EditorUI\01. Inspector\AssetUI\07. FlipBook</Filter>
    </ClCompile>
    <ClCompile Include="SoundUI.cpp">
      <Filter>02. EditorUI\01. Inspector\AssetUI\08. Sound</Filter>
    </ClCompile>
    <ClCompile Include="GraphicShaderUI.cpp">
      <Filter>02. EditorUI\01. Inspector\AssetUI\09. GraphicShader</Filter>
    </ClCompile>
    <ClCompile Include="ComputeShaderUI.cpp">
      <Filter>02. EditorUI\01. Inspector\AssetUI\10. ComputeShader</Filter>
    </ClCompile>
    <ClCompile Include="Inspector_Init.cpp">
      <Filter>02. EditorUI\01. Inspector</Filter>
    </ClCompile>
    <ClCompile Include="MenuUI.cpp">
      <Filter>02. EditorUI\06. MenuUI</Filter>
    </ClCompile>
  </ItemGroup>
  <ItemGroup>
    <Text Include="ImGui\LICENSE.txt">
      <Filter>01. Manager\ImGui</Filter>
    </Text>
  </ItemGroup>
  <ItemGroup>
    <ResourceCompile Include="CSM_DirectX.rc">
      <Filter>00. Default</Filter>
    </ResourceCompile>
  </ItemGroup>
  <ItemGroup>
    <Image Include="CSM_DirectX.ico">
      <Filter>00. Default</Filter>
    </Image>
    <Image Include="small.ico">
      <Filter>00. Default</Filter>
    </Image>
  </ItemGroup>
</Project>