<?xml version="1.0" encoding="utf-8"?>
<Project ToolsVersion="4.0" xmlns="http://schemas.microsoft.com/developer/msbuild/2003">
  <ItemGroup>
    <Filter Include="Default">
      <UniqueIdentifier>{4d571646-9a47-4035-8061-ddae47447e41}</UniqueIdentifier>
    </Filter>
    <Filter Include="Manager">
      <UniqueIdentifier>{0416587e-e533-4d67-87b7-74ebee8f8067}</UniqueIdentifier>
    </Filter>
    <Filter Include="States">
      <UniqueIdentifier>{8bb73e2c-f91a-4eab-91ec-6e7fc0d33968}</UniqueIdentifier>
    </Filter>
    <Filter Include="States\01. Monster">
      <UniqueIdentifier>{6c351ed3-c82a-4c3d-b20c-6555f738c3a9}</UniqueIdentifier>
    </Filter>
    <Filter Include="States\02. Boss">
      <UniqueIdentifier>{2b24a354-e8a4-4670-8561-201d43e8a851}</UniqueIdentifier>
    </Filter>
    <Filter Include="States\01. Monster\01. MeltKnight">
      <UniqueIdentifier>{999aa6b7-9eb8-4670-b61c-38699dca89a4}</UniqueIdentifier>
    </Filter>
    <Filter Include="States\01. Monster\01. MeltKnight\01. Idle">
      <UniqueIdentifier>{a3078b9f-aa89-43f3-b632-3a2aab19bb73}</UniqueIdentifier>
    </Filter>
    <Filter Include="States\01. Monster\01. MeltKnight\02. Trace">
      <UniqueIdentifier>{d2cf028b-493c-4073-9acf-d06773dba6b0}</UniqueIdentifier>
    </Filter>
    <Filter Include="States\01. Monster\01. MeltKnight\03. Attack">
      <UniqueIdentifier>{048ea468-94fc-40f4-9053-69275eb58a0d}</UniqueIdentifier>
    </Filter>
    <Filter Include="States\01. Monster\01. MeltKnight\04. StandBy">
      <UniqueIdentifier>{8698996f-a42b-4fb5-8dfa-339c2cbe819a}</UniqueIdentifier>
    </Filter>
    <Filter Include="States\01. Monster\01. MeltKnight\05. Dead">
      <UniqueIdentifier>{1c9ff8a2-8fc6-4d1e-87b8-f750c52fabbb}</UniqueIdentifier>
    </Filter>
    <Filter Include="States\01. Monster\02. Hyungteo">
      <UniqueIdentifier>{d301de92-ead8-4906-8b71-5ce79505005c}</UniqueIdentifier>
    </Filter>
    <Filter Include="States\01. Monster\02. Hyungteo\01. Eat">
      <UniqueIdentifier>{13a4b558-432f-4afd-af78-d7cc88fb2888}</UniqueIdentifier>
    </Filter>
    <Filter Include="States\01. Monster\02. Hyungteo\02. Look">
      <UniqueIdentifier>{94824e24-8d68-4fed-aa66-a3fccc0f40e0}</UniqueIdentifier>
    </Filter>
    <Filter Include="States\01. Monster\02. Hyungteo\03. Idle">
      <UniqueIdentifier>{e67d1c7f-1860-4573-ad86-9d0f6fa0b578}</UniqueIdentifier>
    </Filter>
    <Filter Include="States\01. Monster\02. Hyungteo\04. Trace">
      <UniqueIdentifier>{20161edf-0452-4b6b-ba79-aad9eff3ecb5}</UniqueIdentifier>
    </Filter>
    <Filter Include="States\01. Monster\02. Hyungteo\05. Attack">
      <UniqueIdentifier>{7c0990d6-1664-4b4b-83f0-3ee1466b5ffa}</UniqueIdentifier>
    </Filter>
    <Filter Include="States\01. Monster\02. Hyungteo\05. Attack\01. BuffEater">
      <UniqueIdentifier>{4bb4f690-6d38-4746-b253-a0bcf3fdcc4e}</UniqueIdentifier>
    </Filter>
    <Filter Include="States\01. Monster\02. Hyungteo\05. Attack\02. Punch">
      <UniqueIdentifier>{4f46072c-ba22-4dbb-b1d4-5a93502127a8}</UniqueIdentifier>
    </Filter>
    <Filter Include="States\01. Monster\02. Hyungteo\05. Attack\03. Sting">
      <UniqueIdentifier>{aa14cf7b-45d3-40f4-a3d5-f4726e342ad7}</UniqueIdentifier>
    </Filter>
    <Filter Include="States\01. Monster\02. Hyungteo\06. Hit">
      <UniqueIdentifier>{347e8980-78ac-45a8-bc1e-e10a1b1c592b}</UniqueIdentifier>
    </Filter>
    <Filter Include="States\01. Monster\02. Hyungteo\07. Fly">
      <UniqueIdentifier>{d58c2798-1322-45a5-b369-298b93246b43}</UniqueIdentifier>
    </Filter>
    <Filter Include="States\01. Monster\02. Hyungteo\08. WakeUp">
      <UniqueIdentifier>{d9cc31fe-9aad-456e-8a3e-3a39f606e3cb}</UniqueIdentifier>
    </Filter>
    <Filter Include="States\01. Monster\02. Hyungteo\06. Hit\01. GroundHit">
      <UniqueIdentifier>{1fa4ceff-6ead-4c79-adbc-70d664525529}</UniqueIdentifier>
    </Filter>
    <Filter Include="States\01. Monster\02. Hyungteo\09. Fall">
      <UniqueIdentifier>{a12fbad9-111e-4293-89cd-c9b2154deae9}</UniqueIdentifier>
    </Filter>
    <Filter Include="States\01. Monster\03. Juris">
      <UniqueIdentifier>{ad37faad-e30e-4211-97fc-126ff31d64c7}</UniqueIdentifier>
    </Filter>
    <Filter Include="States\01. Monster\03. Juris\01. Idle">
      <UniqueIdentifier>{158defde-fd8d-4847-82fe-0355be02db37}</UniqueIdentifier>
    </Filter>
    <Filter Include="States\01. Monster\03. Juris\02. Trace">
      <UniqueIdentifier>{08de4e47-dce4-445a-9044-a5b9cb7d94e3}</UniqueIdentifier>
    </Filter>
    <Filter Include="States\01. Monster\03. Juris\04. Hide">
      <UniqueIdentifier>{793dc7c9-212f-4944-90fc-d6ffff3bd111}</UniqueIdentifier>
    </Filter>
    <Filter Include="States\01. Monster\03. Juris\06. Hit">
      <UniqueIdentifier>{fa996b41-7b5c-46a6-b21d-a59acc3bad4d}</UniqueIdentifier>
    </Filter>
    <Filter Include="States\01. Monster\03. Juris\03. Attack">
      <UniqueIdentifier>{566c88cd-b73f-457a-96fe-c2d817957720}</UniqueIdentifier>
    </Filter>
    <Filter Include="States\01. Monster\03. Juris\05. BackAttack">
      <UniqueIdentifier>{27c21bd7-1fb2-4f03-bf0a-8f862c798aa0}</UniqueIdentifier>
    </Filter>
    <Filter Include="States\01. Monster\02. Hyungteo\11. Dead">
      <UniqueIdentifier>{c893bb09-9530-4e4d-969b-27350318abe3}</UniqueIdentifier>
    </Filter>
    <Filter Include="States\01. Monster\02. Hyungteo\10. Recoil">
      <UniqueIdentifier>{4a476e1f-c2db-48fb-bd5f-f06ea5c01ea7}</UniqueIdentifier>
    </Filter>
    <Filter Include="States\01. Monster\02. Hyungteo\06. Hit\02. AirHit">
      <UniqueIdentifier>{c6649f8b-39e3-4640-a852-7ff2aaf5cd4a}</UniqueIdentifier>
    </Filter>
    <Filter Include="States\01. Monster\02. Hyungteo\06. Hit\03. Stiffness">
      <UniqueIdentifier>{b21c1710-77da-4c8d-9972-8fe33c2a4a92}</UniqueIdentifier>
    </Filter>
    <Filter Include="States\01. Monster\03. Juris\08. Dead">
      <UniqueIdentifier>{8b52b1e1-cebc-4d1e-821a-7cd7f38a960a}</UniqueIdentifier>
    </Filter>
    <Filter Include="States\01. Monster\03. Juris\06. Hit\01. Hit">
      <UniqueIdentifier>{eaad0ace-9ca5-4c50-b13e-a81f33929a39}</UniqueIdentifier>
    </Filter>
    <Filter Include="States\01. Monster\03. Juris\06. Hit\02. Stiffness">
      <UniqueIdentifier>{4b522c1e-9b40-4aca-b23b-fba79bdcfb64}</UniqueIdentifier>
    </Filter>
    <Filter Include="States\02. Boss\01. Direzie">
      <UniqueIdentifier>{75d7da76-098c-4a9c-ae89-ecc8bcc36b3c}</UniqueIdentifier>
    </Filter>
    <Filter Include="States\02. Boss\01. Direzie\01. Idle">
      <UniqueIdentifier>{59ad2d7d-17a2-4136-a832-3f7df77fc4b3}</UniqueIdentifier>
    </Filter>
    <Filter Include="States\02. Boss\01. Direzie\02. Trace">
      <UniqueIdentifier>{aa97b732-084a-42f7-8704-6f77b6340547}</UniqueIdentifier>
    </Filter>
    <Filter Include="States\02. Boss\01. Direzie\03. Attack">
      <UniqueIdentifier>{faf649c5-7f23-40e7-8aab-938551c5cfa6}</UniqueIdentifier>
    </Filter>
    <Filter Include="States\02. Boss\01. Direzie\04. Hide">
      <UniqueIdentifier>{5f62ba4b-9f88-455a-bf9d-c16ea58422f6}</UniqueIdentifier>
    </Filter>
    <Filter Include="States\02. Boss\01. Direzie\05. Hit">
      <UniqueIdentifier>{385f2721-b19d-4f78-95a2-0c705aeea13b}</UniqueIdentifier>
    </Filter>
    <Filter Include="States\02. Boss\01. Direzie\03. Attack\01. Attack1">
      <UniqueIdentifier>{49501d06-1099-40ad-9bf8-ebbcb8c2fea4}</UniqueIdentifier>
    </Filter>
    <Filter Include="States\02. Boss\01. Direzie\03. Attack\02. Attack2">
      <UniqueIdentifier>{6f67c912-7a43-45cf-8827-323c7a97bf45}</UniqueIdentifier>
    </Filter>
    <Filter Include="States\02. Boss\01. Direzie\03. Attack\03. Attack3">
      <UniqueIdentifier>{16f14cdb-f539-4328-8919-1a1d1690a0ed}</UniqueIdentifier>
    </Filter>
    <Filter Include="States\02. Boss\01. Direzie\03. Attack\04. Attack4">
      <UniqueIdentifier>{bb4f5cc0-bb44-4079-b0b3-03679e67f26b}</UniqueIdentifier>
    </Filter>
    <Filter Include="States\02. Boss\01. Direzie\03. Attack\05. Attack5">
      <UniqueIdentifier>{6645ca5e-7728-429f-a63c-53fe328b6b55}</UniqueIdentifier>
    </Filter>
    <Filter Include="States\02. Boss\01. Direzie\05. Hit\01. GroundHit">
      <UniqueIdentifier>{00114b2d-fb26-48ef-9eed-d35773f884d6}</UniqueIdentifier>
    </Filter>
    <Filter Include="States\02. Boss\01. Direzie\05. Hit\02. AirHit">
      <UniqueIdentifier>{81aebf74-6983-440a-bfef-4e47e7b7498d}</UniqueIdentifier>
    </Filter>
    <Filter Include="States\02. Boss\01. Direzie\05. Hit\03. Stiffness">
      <UniqueIdentifier>{fdf574f6-9bb3-4695-9791-b57581888cff}</UniqueIdentifier>
    </Filter>
    <Filter Include="States\02. Boss\01. Direzie\08. Recoil">
      <UniqueIdentifier>{a2bd6d23-5c89-4ec7-994b-446aa7d9aa78}</UniqueIdentifier>
    </Filter>
    <Filter Include="States\02. Boss\01. Direzie\07. Fall">
      <UniqueIdentifier>{3592ea5b-702a-418c-bda3-461758359ec5}</UniqueIdentifier>
    </Filter>
    <Filter Include="States\02. Boss\01. Direzie\06. Fly">
      <UniqueIdentifier>{a23b7e31-76ef-4990-a866-d64efdd6abf5}</UniqueIdentifier>
    </Filter>
    <Filter Include="States\02. Boss\01. Direzie\10. Dead">
      <UniqueIdentifier>{c098c065-2409-463a-9aa1-d52f6b0c1a64}</UniqueIdentifier>
    </Filter>
    <Filter Include="States\02. Boss\01. Direzie\09. WakeUp">
      <UniqueIdentifier>{112294d3-d653-45c2-a34a-e39ec0112692}</UniqueIdentifier>
    </Filter>
    <Filter Include="States\01. Monster\02. Hyungteo\06. Hit\04. DownHit">
      <UniqueIdentifier>{7f00ba5c-eb7d-4dc3-93d0-58189c7018d6}</UniqueIdentifier>
    </Filter>
    <Filter Include="States\01. Monster\02. Hyungteo\06. Hit\05. HitBBQ">
      <UniqueIdentifier>{506f72d1-66d8-49b5-94cb-3f8e8a19676a}</UniqueIdentifier>
    </Filter>
    <Filter Include="States\02. Boss\01. Direzie\05. Hit\04. DownHit">
      <UniqueIdentifier>{c30f3259-e270-4e2a-a532-f390a6f0154e}</UniqueIdentifier>
    </Filter>
    <Filter Include="States\02. Boss\01. Direzie\05. Hit\05. HitBBQ">
      <UniqueIdentifier>{78c57ffb-a11c-4668-861f-70c2e833113a}</UniqueIdentifier>
    </Filter>
  </ItemGroup>
  <ItemGroup>
    <ClInclude Include="framework.h">
      <Filter>Default</Filter>
    </ClInclude>
    <ClInclude Include="pch.h">
      <Filter>Default</Filter>
    </ClInclude>
    <ClInclude Include="CStateMgr.h">
      <Filter>Manager</Filter>
    </ClInclude>
    <ClInclude Include="CMeltKnightIdleState.h">
      <Filter>States\01. Monster\01. MeltKnight\01. Idle</Filter>
    </ClInclude>
    <ClInclude Include="CMeltKnightTraceState.h">
      <Filter>States\01. Monster\01. MeltKnight\02. Trace</Filter>
    </ClInclude>
    <ClInclude Include="CMeltKnightAttackState.h">
      <Filter>States\01. Monster\01. MeltKnight\03. Attack</Filter>
    </ClInclude>
    <ClInclude Include="CMeltKnightStandByState.h">
      <Filter>States\01. Monster\01. MeltKnight\04. StandBy</Filter>
    </ClInclude>
    <ClInclude Include="CMeltKnightDeadState.h">
      <Filter>States\01. Monster\01. MeltKnight\05. Dead</Filter>
    </ClInclude>
    <ClInclude Include="CHyungteoEatState.h">
      <Filter>States\01. Monster\02. Hyungteo\01. Eat</Filter>
    </ClInclude>
    <ClInclude Include="CHyungteoLookState.h">
      <Filter>States\01. Monster\02. Hyungteo\02. Look</Filter>
    </ClInclude>
    <ClInclude Include="CHyungteoIdleState.h">
      <Filter>States\01. Monster\02. Hyungteo\03. Idle</Filter>
    </ClInclude>
    <ClInclude Include="CHyungteoTraceState.h">
      <Filter>States\01. Monster\02. Hyungteo\04. Trace</Filter>
    </ClInclude>
    <ClInclude Include="CHyungteoPunchState.h">
      <Filter>States\01. Monster\02. Hyungteo\05. Attack\02. Punch</Filter>
    </ClInclude>
    <ClInclude Include="CHyungteoStingState.h">
      <Filter>States\01. Monster\02. Hyungteo\05. Attack\03. Sting</Filter>
    </ClInclude>
    <ClInclude Include="CHyungteoBuffEaterState.h">
      <Filter>States\01. Monster\02. Hyungteo\05. Attack\01. BuffEater</Filter>
    </ClInclude>
    <ClInclude Include="CHyungteoWakeUpState.h">
      <Filter>States\01. Monster\02. Hyungteo\08. WakeUp</Filter>
    </ClInclude>
    <ClInclude Include="CHyungteoFlyState.h">
      <Filter>States\01. Monster\02. Hyungteo\07. Fly</Filter>
    </ClInclude>
    <ClInclude Include="CHyungteoHitState.h">
      <Filter>States\01. Monster\02. Hyungteo\06. Hit\01. GroundHit</Filter>
    </ClInclude>
    <ClInclude Include="CHyungteoFallState.h">
      <Filter>States\01. Monster\02. Hyungteo\09. Fall</Filter>
    </ClInclude>
    <ClInclude Include="CHyungteoDeadState.h">
      <Filter>States\01. Monster\02. Hyungteo\11. Dead</Filter>
    </ClInclude>
    <ClInclude Include="CJurisIdleState.h">
      <Filter>States\01. Monster\03. Juris\01. Idle</Filter>
    </ClInclude>
    <ClInclude Include="CJurisTraceState.h">
      <Filter>States\01. Monster\03. Juris\02. Trace</Filter>
    </ClInclude>
    <ClInclude Include="CJurisHideState.h">
      <Filter>States\01. Monster\03. Juris\04. Hide</Filter>
    </ClInclude>
    <ClInclude Include="CJurisAttackState.h">
      <Filter>States\01. Monster\03. Juris\03. Attack</Filter>
    </ClInclude>
    <ClInclude Include="CJurisBackAttackState.h">
      <Filter>States\01. Monster\03. Juris\05. BackAttack</Filter>
    </ClInclude>
    <ClInclude Include="CJurisDeadState.h">
      <Filter>States\01. Monster\03. Juris\08. Dead</Filter>
    </ClInclude>
    <ClInclude Include="CHyungteoRecoilState.h">
      <Filter>States\01. Monster\02. Hyungteo\10. Recoil</Filter>
    </ClInclude>
    <ClInclude Include="CHyungteoAirHitState.h">
      <Filter>States\01. Monster\02. Hyungteo\06. Hit\02. AirHit</Filter>
    </ClInclude>
    <ClInclude Include="CHyungteoStiffnessState.h">
      <Filter>States\01. Monster\02. Hyungteo\06. Hit\03. Stiffness</Filter>
    </ClInclude>
    <ClInclude Include="CJurisHitState.h">
      <Filter>States\01. Monster\03. Juris\06. Hit\01. Hit</Filter>
    </ClInclude>
    <ClInclude Include="CJurisStiffnessState.h">
      <Filter>States\01. Monster\03. Juris\06. Hit\02. Stiffness</Filter>
    </ClInclude>
    <ClInclude Include="CDirezieIdleState.h">
      <Filter>States\02. Boss\01. Direzie\01. Idle</Filter>
    </ClInclude>
    <ClInclude Include="CDirezieTraceState.h">
      <Filter>States\02. Boss\01. Direzie\02. Trace</Filter>
    </ClInclude>
    <ClInclude Include="CDirezieAttack01State.h">
      <Filter>States\02. Boss\01. Direzie\03. Attack\01. Attack1</Filter>
    </ClInclude>
    <ClInclude Include="CDirezieAttack02State.h">
      <Filter>States\02. Boss\01. Direzie\03. Attack\02. Attack2</Filter>
    </ClInclude>
    <ClInclude Include="CDirezieAttack03State.h">
      <Filter>States\02. Boss\01. Direzie\03. Attack\03. Attack3</Filter>
    </ClInclude>
    <ClInclude Include="CDirezieAttack04State.h">
      <Filter>States\02. Boss\01. Direzie\03. Attack\04. Attack4</Filter>
    </ClInclude>
    <ClInclude Include="CDirezieAttack05State.h">
      <Filter>States\02. Boss\01. Direzie\03. Attack\05. Attack5</Filter>
    </ClInclude>
    <ClInclude Include="CDirezieHideState.h">
      <Filter>States\02. Boss\01. Direzie\04. Hide</Filter>
    </ClInclude>
    <ClInclude Include="CDirezieHitState.h">
      <Filter>States\02. Boss\01. Direzie\05. Hit\01. GroundHit</Filter>
    </ClInclude>
    <ClInclude Include="CDirezieStiffnessState.h">
      <Filter>States\02. Boss\01. Direzie\05. Hit\03. Stiffness</Filter>
    </ClInclude>
    <ClInclude Include="CDirezieFlyState.h">
      <Filter>States\02. Boss\01. Direzie\06. Fly</Filter>
    </ClInclude>
    <ClInclude Include="CDirezieAirHitState.h">
      <Filter>States\02. Boss\01. Direzie\05. Hit\02. AirHit</Filter>
    </ClInclude>
    <ClInclude Include="CDirezieFallState.h">
      <Filter>States\02. Boss\01. Direzie\07. Fall</Filter>
    </ClInclude>
    <ClInclude Include="CDirezieWakeUpState.h">
      <Filter>States\02. Boss\01. Direzie\09. WakeUp</Filter>
    </ClInclude>
    <ClInclude Include="CDirezieDeadState.h">
      <Filter>States\02. Boss\01. Direzie\10. Dead</Filter>
    </ClInclude>
    <ClInclude Include="CHyungteoDownHitState.h">
      <Filter>States\01. Monster\02. Hyungteo\06. Hit\04. DownHit</Filter>
    </ClInclude>
    <ClInclude Include="CHyungteoHitBBQState.h">
      <Filter>States\01. Monster\02. Hyungteo\06. Hit\05. HitBBQ</Filter>
    </ClInclude>
    <ClInclude Include="CDirezieDownHitState.h">
      <Filter>States\02. Boss\01. Direzie\05. Hit\04. DownHit</Filter>
    </ClInclude>
  </ItemGroup>
  <ItemGroup>
    <ClCompile Include="pch.cpp">
      <Filter>Default</Filter>
    </ClCompile>
    <ClCompile Include="States.cpp">
      <Filter>Default</Filter>
    </ClCompile>
    <ClCompile Include="CStateMgr.cpp">
      <Filter>Manager</Filter>
    </ClCompile>
    <ClCompile Include="CMeltKnightIdleState.cpp">
      <Filter>States\01. Monster\01. MeltKnight\01. Idle</Filter>
    </ClCompile>
    <ClCompile Include="CMeltKnightTraceState.cpp">
      <Filter>States\01. Monster\01. MeltKnight\02. Trace</Filter>
    </ClCompile>
    <ClCompile Include="CMeltKnightAttackState.cpp">
      <Filter>States\01. Monster\01. MeltKnight\03. Attack</Filter>
    </ClCompile>
    <ClCompile Include="CMeltKnightStandByState.cpp">
      <Filter>States\01. Monster\01. MeltKnight\04. StandBy</Filter>
    </ClCompile>
    <ClCompile Include="CMeltKnightDeadState.cpp">
      <Filter>States\01. Monster\01. MeltKnight\05. Dead</Filter>
    </ClCompile>
    <ClCompile Include="CHyungteoEatState.cpp">
      <Filter>States\01. Monster\02. Hyungteo\01. Eat</Filter>
    </ClCompile>
    <ClCompile Include="CHyungteoLookState.cpp">
      <Filter>States\01. Monster\02. Hyungteo\02. Look</Filter>
    </ClCompile>
    <ClCompile Include="CHyungteoIdleState.cpp">
      <Filter>States\01. Monster\02. Hyungteo\03. Idle</Filter>
    </ClCompile>
    <ClCompile Include="CHyungteoTraceState.cpp">
      <Filter>States\01. Monster\02. Hyungteo\04. Trace</Filter>
    </ClCompile>
    <ClCompile Include="CHyungteoPunchState.cpp">
      <Filter>States\01. Monster\02. Hyungteo\05. Attack\02. Punch</Filter>
    </ClCompile>
    <ClCompile Include="CHyungteoStingState.cpp">
      <Filter>States\01. Monster\02. Hyungteo\05. Attack\03. Sting</Filter>
    </ClCompile>
    <ClCompile Include="CHyungteoBuffEaterState.cpp">
      <Filter>States\01. Monster\02. Hyungteo\05. Attack\01. BuffEater</Filter>
    </ClCompile>
    <ClCompile Include="CHyungteoWakeUpState.cpp">
      <Filter>States\01. Monster\02. Hyungteo\08. WakeUp</Filter>
    </ClCompile>
    <ClCompile Include="CHyungteoFlyState.cpp">
      <Filter>States\01. Monster\02. Hyungteo\07. Fly</Filter>
    </ClCompile>
    <ClCompile Include="CHyungteoHitState.cpp">
      <Filter>States\01. Monster\02. Hyungteo\06. Hit\01. GroundHit</Filter>
    </ClCompile>
    <ClCompile Include="CHyungteoFallState.cpp">
      <Filter>States\01. Monster\02. Hyungteo\09. Fall</Filter>
    </ClCompile>
    <ClCompile Include="CHyungteoDeadState.cpp">
      <Filter>States\01. Monster\02. Hyungteo\11. Dead</Filter>
    </ClCompile>
    <ClCompile Include="CJurisIdleState.cpp">
      <Filter>States\01. Monster\03. Juris\01. Idle</Filter>
    </ClCompile>
    <ClCompile Include="CJurisTraceState.cpp">
      <Filter>States\01. Monster\03. Juris\02. Trace</Filter>
    </ClCompile>
    <ClCompile Include="CJurisHideState.cpp">
      <Filter>States\01. Monster\03. Juris\04. Hide</Filter>
    </ClCompile>
    <ClCompile Include="CJurisAttackState.cpp">
      <Filter>States\01. Monster\03. Juris\03. Attack</Filter>
    </ClCompile>
    <ClCompile Include="CJurisBackAttackState.cpp">
      <Filter>States\01. Monster\03. Juris\05. BackAttack</Filter>
    </ClCompile>
    <ClCompile Include="CJurisDeadState.cpp">
      <Filter>States\01. Monster\03. Juris\08. Dead</Filter>
    </ClCompile>
    <ClCompile Include="CHyungteoRecoilState.cpp">
      <Filter>States\01. Monster\02. Hyungteo\10. Recoil</Filter>
    </ClCompile>
    <ClCompile Include="CHyungteoAirHitState.cpp">
      <Filter>States\01. Monster\02. Hyungteo\06. Hit\02. AirHit</Filter>
    </ClCompile>
    <ClCompile Include="CHyungteoStiffnessState.cpp">
      <Filter>States\01. Monster\02. Hyungteo\06. Hit\03. Stiffness</Filter>
    </ClCompile>
    <ClCompile Include="CJurisHitState.cpp">
      <Filter>States\01. Monster\03. Juris\06. Hit\01. Hit</Filter>
    </ClCompile>
    <ClCompile Include="CJurisStiffnessState.cpp">
      <Filter>States\01. Monster\03. Juris\06. Hit\02. Stiffness</Filter>
    </ClCompile>
    <ClCompile Include="CDirezieIdleState.cpp">
      <Filter>States\02. Boss\01. Direzie\01. Idle</Filter>
    </ClCompile>
    <ClCompile Include="CDirezieTraceState.cpp">
      <Filter>States\02. Boss\01. Direzie\02. Trace</Filter>
    </ClCompile>
    <ClCompile Include="CDirezieAttack01State.cpp">
      <Filter>States\02. Boss\01. Direzie\03. Attack\01. Attack1</Filter>
    </ClCompile>
    <ClCompile Include="CDirezieAttack02State.cpp">
      <Filter>States\02. Boss\01. Direzie\03. Attack\02. Attack2</Filter>
    </ClCompile>
    <ClCompile Include="CDirezieAttack03State.cpp">
      <Filter>States\02. Boss\01. Direzie\03. Attack\03. Attack3</Filter>
    </ClCompile>
    <ClCompile Include="CDirezieAttack04State.cpp">
      <Filter>States\02. Boss\01. Direzie\03. Attack\04. Attack4</Filter>
    </ClCompile>
    <ClCompile Include="CDirezieAttack05State.cpp">
      <Filter>States\02. Boss\01. Direzie\03. Attack\05. Attack5</Filter>
    </ClCompile>
    <ClCompile Include="CDirezieHideState.cpp">
      <Filter>States\02. Boss\01. Direzie\04. Hide</Filter>
    </ClCompile>
    <ClCompile Include="CDirezieHitState.cpp">
      <Filter>States\02. Boss\01. Direzie\05. Hit\01. GroundHit</Filter>
    </ClCompile>
    <ClCompile Include="CDirezieStiffnessState.cpp">
      <Filter>States\02. Boss\01. Direzie\05. Hit\03. Stiffness</Filter>
    </ClCompile>
    <ClCompile Include="CDirezieFlyState.cpp">
      <Filter>States\02. Boss\01. Direzie\06. Fly</Filter>
    </ClCompile>
    <ClCompile Include="CDirezieAirHitState.cpp">
      <Filter>States\02. Boss\01. Direzie\05. Hit\02. AirHit</Filter>
    </ClCompile>
    <ClCompile Include="CDirezieFallState.cpp">
      <Filter>States\02. Boss\01. Direzie\07. Fall</Filter>
    </ClCompile>
    <ClCompile Include="CDirezieWakeUpState.cpp">
      <Filter>States\02. Boss\01. Direzie\09. WakeUp</Filter>
    </ClCompile>
    <ClCompile Include="CDirezieDeadState.cpp">
      <Filter>States\02. Boss\01. Direzie\10. Dead</Filter>
    </ClCompile>
    <ClCompile Include="CHyungteoDownHitState.cpp">
      <Filter>States\01. Monster\02. Hyungteo\06. Hit\04. DownHit</Filter>
    </ClCompile>
    <ClCompile Include="CHyungteoHitBBQState.cpp">
      <Filter>States\01. Monster\02. Hyungteo\06. Hit\05. HitBBQ</Filter>
    </ClCompile>
    <ClCompile Include="CDirezieDownHitState.cpp">
      <Filter>States\02. Boss\01. Direzie\05. Hit\04. DownHit</Filter>
    </ClCompile>
  </ItemGroup>
</Project>