<?xml version="1.0" encoding="utf-8"?>
<Project ToolsVersion="4.0" xmlns="http://schemas.microsoft.com/developer/msbuild/2003">
  <ItemGroup>
    <Filter Include="Default">
      <UniqueIdentifier>{4d571646-9a47-4035-8061-ddae47447e41}</UniqueIdentifier>
    </Filter>
    <Filter Include="Manager">
      <UniqueIdentifier>{0416587e-e533-4d67-87b7-74ebee8f8067}</UniqueIdentifier>
    </Filter>
    <Filter Include="States">
      <UniqueIdentifier>{8bb73e2c-f91a-4eab-91ec-6e7fc0d33968}</UniqueIdentifier>
    </Filter>
    <Filter Include="States\01. Monster">
      <UniqueIdentifier>{6c351ed3-c82a-4c3d-b20c-6555f738c3a9}</UniqueIdentifier>
    </Filter>
    <Filter Include="States\02. Boss">
      <UniqueIdentifier>{2b24a354-e8a4-4670-8561-201d43e8a851}</UniqueIdentifier>
    </Filter>
    <Filter Include="States\01. Monster\01. MeltKnight">
      <UniqueIdentifier>{999aa6b7-9eb8-4670-b61c-38699dca89a4}</UniqueIdentifier>
    </Filter>
    <Filter Include="States\01. Monster\01. MeltKnight\01. Idle">
      <UniqueIdentifier>{a3078b9f-aa89-43f3-b632-3a2aab19bb73}</UniqueIdentifier>
    </Filter>
    <Filter Include="States\01. Monster\01. MeltKnight\02. Trace">
      <UniqueIdentifier>{d2cf028b-493c-4073-9acf-d06773dba6b0}</UniqueIdentifier>
    </Filter>
    <Filter Include="States\01. Monster\01. MeltKnight\03. Attack">
      <UniqueIdentifier>{048ea468-94fc-40f4-9053-69275eb58a0d}</UniqueIdentifier>
    </Filter>
    <Filter Include="States\01. Monster\01. MeltKnight\04. StandBy">
      <UniqueIdentifier>{8698996f-a42b-4fb5-8dfa-339c2cbe819a}</UniqueIdentifier>
    </Filter>
    <Filter Include="States\01. Monster\01. MeltKnight\05. Dead">
      <UniqueIdentifier>{1c9ff8a2-8fc6-4d1e-87b8-f750c52fabbb}</UniqueIdentifier>
    </Filter>
    <Filter Include="States\01. Monster\02. Divol">
      <UniqueIdentifier>{d301de92-ead8-4906-8b71-5ce79505005c}</UniqueIdentifier>
    </Filter>
  </ItemGroup>
  <ItemGroup>
    <ClInclude Include="framework.h">
      <Filter>Default</Filter>
    </ClInclude>
    <ClInclude Include="pch.h">
      <Filter>Default</Filter>
    </ClInclude>
    <ClInclude Include="CStateMgr.h">
      <Filter>Manager</Filter>
    </ClInclude>
    <ClInclude Include="CMeltKnightIdleState.h">
      <Filter>States\01. Monster\01. MeltKnight\01. Idle</Filter>
    </ClInclude>
    <ClInclude Include="CMeltKnightTraceState.h">
      <Filter>States\01. Monster\01. MeltKnight\02. Trace</Filter>
    </ClInclude>
    <ClInclude Include="CMeltKnightAttackState.h">
      <Filter>States\01. Monster\01. MeltKnight\03. Attack</Filter>
    </ClInclude>
    <ClInclude Include="CMeltKnightStandByState.h">
      <Filter>States\01. Monster\01. MeltKnight\04. StandBy</Filter>
    </ClInclude>
    <ClInclude Include="CMeltKnightDeadState.h">
      <Filter>States\01. Monster\01. MeltKnight\05. Dead</Filter>
    </ClInclude>
  </ItemGroup>
  <ItemGroup>
    <ClCompile Include="pch.cpp">
      <Filter>Default</Filter>
    </ClCompile>
    <ClCompile Include="States.cpp">
      <Filter>Default</Filter>
    </ClCompile>
    <ClCompile Include="CStateMgr.cpp">
      <Filter>Manager</Filter>
    </ClCompile>
    <ClCompile Include="CMeltKnightIdleState.cpp">
      <Filter>States\01. Monster\01. MeltKnight\01. Idle</Filter>
    </ClCompile>
    <ClCompile Include="CMeltKnightTraceState.cpp">
      <Filter>States\01. Monster\01. MeltKnight\02. Trace</Filter>
    </ClCompile>
    <ClCompile Include="CMeltKnightAttackState.cpp">
      <Filter>States\01. Monster\01. MeltKnight\03. Attack</Filter>
    </ClCompile>
    <ClCompile Include="CMeltKnightStandByState.cpp">
      <Filter>States\01. Monster\01. MeltKnight\04. StandBy</Filter>
    </ClCompile>
    <ClCompile Include="CMeltKnightDeadState.cpp">
      <Filter>States\01. Monster\01. MeltKnight\05. Dead</Filter>
    </ClCompile>
  </ItemGroup>
</Project>